
Microsoft Visual Studio Solution File, Format Version 12.00
# Visual Studio Version 17
VisualStudioVersion = 17.7.34031.279
MinimumVisualStudioVersion = 10.0.40219.1
Project("{FAE04EC0-301F-11D3-BF4B-00C04F79EFBC}") = "OnlineCourses", "OnlineCourses.csproj", "{E9590606-E956-4A7B-BE35-76A91E3580C0}"
EndProject
Global
	GlobalSection(SolutionConfigurationPlatforms) = preSolution
		Debug|Any CPU = Debug|Any CPU
		Release|Any CPU = Release|Any CPU
	EndGlobalSection
	GlobalSection(ProjectConfigurationPlatforms) = postSolution
		{E9590606-E956-4A7B-BE35-76A91E3580C0}.Debug|Any CPU.ActiveCfg = Debug|Any CPU
		{E9590606-E956-4A7B-BE35-76A91E3580C0}.Debug|Any CPU.Build.0 = Debug|Any CPU
		{E9590606-E956-4A7B-BE35-76A91E3580C0}.Release|Any CPU.ActiveCfg = Release|Any CPU
		{E9590606-E956-4A7B-BE35-76A91E3580C0}.Release|Any CPU.Build.0 = Release|Any CPU
	EndGlobalSection
	GlobalSection(SolutionProperties) = preSolution
		HideSolutionNode = FALSE
	EndGlobalSection
	GlobalSection(ExtensibilityGlobals) = postSolution
		SolutionGuid = {17505083-5E8B-4F85-B4E2-9AFD9B2C64DC}
	EndGlobalSection
EndGlobal
